Microsoft Visual Studio Solution File, Format Version 11.00
# Visual Studio 2008

Project("{28E36DAE-D094-1F19-7889-08FF1490312A}") = "BFB", "Assembly-CSharp-firstpass-vs.csproj", "{9A8E994A-5A02-2BE3-7134-FEFDA75BC170}"
EndProject
Global
	GlobalSection(SolutionConfigurationPlatforms) = preSolution
		Debug|Any CPU = Debug|Any CPU
		Release|Any CPU = Release|Any CPU
	EndGlobalSection
	GlobalSection(ProjectConfigurationPlatforms) = postSolution
		{9A8E994A-5A02-2BE3-7134-FEFDA75BC170}.Debug|Any CPU.ActiveCfg = Debug|Any CPU
		{9A8E994A-5A02-2BE3-7134-FEFDA75BC170}.Debug|Any CPU.Build.0 = Debug|Any CPU
		{9A8E994A-5A02-2BE3-7134-FEFDA75BC170}.Release|Any CPU.ActiveCfg = Release|Any CPU
		{9A8E994A-5A02-2BE3-7134-FEFDA75BC170}.Release|Any CPU.Build.0 = Release|Any CPU
	EndGlobalSection
	GlobalSection(SolutionProperties) = preSolution
		HideSolutionNode = FALSE
	EndGlobalSection
																																												GlobalSection(MonoDevelopProperties) = preSolution
		StartupItem = Assembly-CSharp.csproj
		Policies = $0
		$0.TextStylePolicy = $1
		$1.inheritsSet = null
		$1.scope = text/x-csharp
		$0.CSharpFormattingPolicy = $2
		$2.inheritsSet = Mono
		$2.inheritsScope = text/x-csharp
		$2.scope = text/x-csharp
		$0.TextStylePolicy = $3
		$3.FileWidth = 120
		$3.TabWidth = 4
		$3.EolMarker = Unix
		$3.inheritsSet = Mono
		$3.inheritsScope = text/plain
		$3.scope = text/plain
	EndGlobalSection

EndGlobal
